
Microsoft Visual Studio Solution File, Format Version 12.00
# Visual Studio Version 17
VisualStudioVersion = 17.5.33530.505
MinimumVisualStudioVersion = 10.0.40219.1
Project("{8BC9CEB8-8B4A-11D0-8D11-00A0C91BC942}") = "TP_Final", "TP_Final\TP_Final.vcxproj", "{A2E70758-1589-48A8-B57F-48AB9F1661B3}"
EndProject
Project("{8BC9CEB8-8B4A-11D0-8D11-00A0C91BC942}") = "Unit_TP", "Unit_TP\Unit_TP.vcxproj", "{F5527738-8540-4D83-9571-3DC67B195E4A}"
EndProject
Global
	GlobalSection(SolutionConfigurationPlatforms) = preSolution
		Debug|x64 = Debug|x64
		Debug|x86 = Debug|x86
		Release|x64 = Release|x64
		Release|x86 = Release|x86
	EndGlobalSection
	GlobalSection(ProjectConfigurationPlatforms) = postSolution
		{A2E70758-1589-48A8-B57F-48AB9F1661B3}.Debug|x64.ActiveCfg = Debug|x64
		{A2E70758-1589-48A8-B57F-48AB9F1661B3}.Debug|x64.Build.0 = Debug|x64
		{A2E70758-1589-48A8-B57F-48AB9F1661B3}.Debug|x86.ActiveCfg = Debug|Win32
		{A2E70758-1589-48A8-B57F-48AB9F1661B3}.Debug|x86.Build.0 = Debug|Win32
		{A2E70758-1589-48A8-B57F-48AB9F1661B3}.Release|x64.ActiveCfg = Release|x64
		{A2E70758-1589-48A8-B57F-48AB9F1661B3}.Release|x64.Build.0 = Release|x64
		{A2E70758-1589-48A8-B57F-48AB9F1661B3}.Release|x86.ActiveCfg = Release|Win32
		{A2E70758-1589-48A8-B57F-48AB9F1661B3}.Release|x86.Build.0 = Release|Win32
		{F5527738-8540-4D83-9571-3DC67B195E4A}.Debug|x64.ActiveCfg = Debug|x64
		{F5527738-8540-4D83-9571-3DC67B195E4A}.Debug|x64.Build.0 = Debug|x64
		{F5527738-8540-4D83-9571-3DC67B195E4A}.Debug|x86.ActiveCfg = Debug|Win32
		{F5527738-8540-4D83-9571-3DC67B195E4A}.Debug|x86.Build.0 = Debug|Win32
		{F5527738-8540-4D83-9571-3DC67B195E4A}.Release|x64.ActiveCfg = Release|x64
		{F5527738-8540-4D83-9571-3DC67B195E4A}.Release|x64.Build.0 = Release|x64
		{F5527738-8540-4D83-9571-3DC67B195E4A}.Release|x86.ActiveCfg = Release|Win32
		{F5527738-8540-4D83-9571-3DC67B195E4A}.Release|x86.Build.0 = Release|Win32
	EndGlobalSection
	GlobalSection(SolutionProperties) = preSolution
		HideSolutionNode = FALSE
	EndGlobalSection
	GlobalSection(ExtensibilityGlobals) = postSolution
		SolutionGuid = {BF11CE64-DBDD-4F85-BC6E-5D90EF6753ED}
	EndGlobalSection
EndGlobal
